{
  "name": "@soos-io/sample-project",
  "version": "1.0.3",
  "lockfileVersion": 2,
  "requires": true,
  "packages": {
    "": {
      "name": "@soos-io/sample-project",
      "version": "1.0.3",
      "license": "MIT",
      "dependencies": {
        "lodash": "4.17.19",
        "raect": "1.0.4"
      },
      "peerDependencies": {
        "@soos-io/does-not-exist": "latest"
      },
      "peerDependenciesMeta": {
        "@soos-io/does-not-exist": {
          "optional": true
        }
      }
    },
    "node_modules/lodash": {
      "version": "4.17.19",
      "resolved": "https://registry.npmjs.org/lodash/-/lodash-4.17.19.tgz",
      "integrity": "sha512-JNvd8XER9GQX0v2qJgsaN/mzFCNA5BRe/j8JN9d+tWyGLSodKQHKFicdwNYzWwI3wjRnaKPsGj1XkBjx/F96DQ=="
    },
    "node_modules/raect": {
      "version": "1.0.4",
      "resolved": "https://registry.npmjs.org/raect/-/raect-1.0.4.tgz",
      "integrity": "sha512-qr0j0LPsi/+eyWlzyUiJWUyV6vuTIfEi230u1RmmiISe5uEoTNlp1rxgdq+xW2XxYtIv1RmZ/1GM+Ss5zDZIfA=="
    }
  },
  "dependencies": {
    "lodash": {
      "version": "4.17.19",
      "resolved": "https://registry.npmjs.org/lodash/-/lodash-4.17.19.tgz",
      "integrity": "sha512-JNvd8XER9GQX0v2qJgsaN/mzFCNA5BRe/j8JN9d+tWyGLSodKQHKFicdwNYzWwI3wjRnaKPsGj1XkBjx/F96DQ=="
    },
    "raect": {
      "version": "1.0.4",
      "resolved": "https://registry.npmjs.org/raect/-/raect-1.0.4.tgz",
      "integrity": "sha512-qr0j0LPsi/+eyWlzyUiJWUyV6vuTIfEi230u1RmmiISe5uEoTNlp1rxgdq+xW2XxYtIv1RmZ/1GM+Ss5zDZIfA=="
    }
  }
}
